
Microsoft Visual Studio Solution File, Format Version 12.00
# Visual Studio Version 17
VisualStudioVersion = 17.5.33530.505
MinimumVisualStudioVersion = 10.0.40219.1
Project("{FAE04EC0-301F-11D3-BF4B-00C04F79EFBC}") = "Learning C sharp", "Learning C sharp.csproj", "{0960D88C-B7E9-4CF4-AC98-0E2263912C83}"
EndProject
Global
	GlobalSection(SolutionConfigurationPlatforms) = preSolution
		Debug|Any CPU = Debug|Any CPU
		Release|Any CPU = Release|Any CPU
	EndGlobalSection
	GlobalSection(ProjectConfigurationPlatforms) = postSolution
		{0960D88C-B7E9-4CF4-AC98-0E2263912C83}.Debug|Any CPU.ActiveCfg = Debug|Any CPU
		{0960D88C-B7E9-4CF4-AC98-0E2263912C83}.Debug|Any CPU.Build.0 = Debug|Any CPU
		{0960D88C-B7E9-4CF4-AC98-0E2263912C83}.Release|Any CPU.ActiveCfg = Release|Any CPU
		{0960D88C-B7E9-4CF4-AC98-0E2263912C83}.Release|Any CPU.Build.0 = Release|Any CPU
	EndGlobalSection
	GlobalSection(SolutionProperties) = preSolution
		HideSolutionNode = FALSE
	EndGlobalSection
	GlobalSection(ExtensibilityGlobals) = postSolution
		SolutionGuid = {CF03E79F-0380-4B81-9633-09A19E75E377}
	EndGlobalSection
EndGlobal
